
Microsoft Visual Studio Solution File, Format Version 12.00
# Visual Studio Version 16
VisualStudioVersion = 16.0.31729.503
MinimumVisualStudioVersion = 10.0.40219.1
Project("{FAE04EC0-301F-11D3-BF4B-00C04F79EFBC}") = "InternetCommunicator.Api", "InternetCommunicator.Api\InternetCommunicator.Api.csproj", "{53C08203-B813-4482-975B-F00A7B18633C}"
EndProject
Global
	GlobalSection(SolutionConfigurationPlatforms) = preSolution
		Debug|Any CPU = Debug|Any CPU
		Release|Any CPU = Release|Any CPU
	EndGlobalSection
	GlobalSection(ProjectConfigurationPlatforms) = postSolution
		{53C08203-B813-4482-975B-F00A7B18633C}.Debug|Any CPU.ActiveCfg = Debug|Any CPU
		{53C08203-B813-4482-975B-F00A7B18633C}.Debug|Any CPU.Build.0 = Debug|Any CPU
		{53C08203-B813-4482-975B-F00A7B18633C}.Release|Any CPU.ActiveCfg = Release|Any CPU
		{53C08203-B813-4482-975B-F00A7B18633C}.Release|Any CPU.Build.0 = Release|Any CPU
	EndGlobalSection
	GlobalSection(SolutionProperties) = preSolution
		HideSolutionNode = FALSE
	EndGlobalSection
	GlobalSection(ExtensibilityGlobals) = postSolution
		SolutionGuid = {A8EC55E3-688B-49FA-9F9D-B0D7C43F634A}
	EndGlobalSection
EndGlobal
