
Microsoft Visual Studio Solution File, Format Version 12.00
# Visual Studio Version 16
VisualStudioVersion = 16.0.31729.503
MinimumVisualStudioVersion = 10.0.40219.1
Project("{9A19103F-16F7-4668-BE54-9A1E7A4F7556}") = "InternetCommunicator.Api", "InternetCommunicator.Api\InternetCommunicator.Api.csproj", "{53C08203-B813-4482-975B-F00A7B18633C}"
EndProject
Project("{9A19103F-16F7-4668-BE54-9A1E7A4F7556}") = "InternetCommunicator.Domain", "InternetCommunicator.Domain\InternetCommunicator.Domain.csproj", "{F4DAE7BF-D4EE-4A37-925C-50D20631D17D}"
EndProject
Project("{9A19103F-16F7-4668-BE54-9A1E7A4F7556}") = "InternetCommunicator.Application", "InternetCommunicator.Application\InternetCommunicator.Application.csproj", "{C660867D-ACEA-48D1-BCCA-0B97DD1BB5C0}"
EndProject
Project("{9A19103F-16F7-4668-BE54-9A1E7A4F7556}") = "InternetCommunicator.Infrastructure", "InternetCommunicator.Infrastructure\InternetCommunicator.Infrastructure.csproj", "{05D8F37A-7F50-48E7-8C09-814C0B6703EA}"
EndProject
Project("{FAE04EC0-301F-11D3-BF4B-00C04F79EFBC}") = "ComponentTest1", "ComponentTest1\ComponentTest1.csproj", "{C423EF8E-B73C-49D7-88A4-598097EDD147}"
EndProject
Global
	GlobalSection(SolutionConfigurationPlatforms) = preSolution
		Debug|Any CPU = Debug|Any CPU
		Release|Any CPU = Release|Any CPU
	EndGlobalSection
	GlobalSection(ProjectConfigurationPlatforms) = postSolution
		{53C08203-B813-4482-975B-F00A7B18633C}.Debug|Any CPU.ActiveCfg = Debug|Any CPU
		{53C08203-B813-4482-975B-F00A7B18633C}.Debug|Any CPU.Build.0 = Debug|Any CPU
		{53C08203-B813-4482-975B-F00A7B18633C}.Release|Any CPU.ActiveCfg = Release|Any CPU
		{53C08203-B813-4482-975B-F00A7B18633C}.Release|Any CPU.Build.0 = Release|Any CPU
		{F4DAE7BF-D4EE-4A37-925C-50D20631D17D}.Debug|Any CPU.ActiveCfg = Debug|Any CPU
		{F4DAE7BF-D4EE-4A37-925C-50D20631D17D}.Debug|Any CPU.Build.0 = Debug|Any CPU
		{F4DAE7BF-D4EE-4A37-925C-50D20631D17D}.Release|Any CPU.ActiveCfg = Release|Any CPU
		{F4DAE7BF-D4EE-4A37-925C-50D20631D17D}.Release|Any CPU.Build.0 = Release|Any CPU
		{C660867D-ACEA-48D1-BCCA-0B97DD1BB5C0}.Debug|Any CPU.ActiveCfg = Debug|Any CPU
		{C660867D-ACEA-48D1-BCCA-0B97DD1BB5C0}.Debug|Any CPU.Build.0 = Debug|Any CPU
		{C660867D-ACEA-48D1-BCCA-0B97DD1BB5C0}.Release|Any CPU.ActiveCfg = Release|Any CPU
		{C660867D-ACEA-48D1-BCCA-0B97DD1BB5C0}.Release|Any CPU.Build.0 = Release|Any CPU
		{05D8F37A-7F50-48E7-8C09-814C0B6703EA}.Debug|Any CPU.ActiveCfg = Debug|Any CPU
		{05D8F37A-7F50-48E7-8C09-814C0B6703EA}.Debug|Any CPU.Build.0 = Debug|Any CPU
		{05D8F37A-7F50-48E7-8C09-814C0B6703EA}.Release|Any CPU.ActiveCfg = Release|Any CPU
		{05D8F37A-7F50-48E7-8C09-814C0B6703EA}.Release|Any CPU.Build.0 = Release|Any CPU
		{C423EF8E-B73C-49D7-88A4-598097EDD147}.Debug|Any CPU.ActiveCfg = Debug|Any CPU
		{C423EF8E-B73C-49D7-88A4-598097EDD147}.Debug|Any CPU.Build.0 = Debug|Any CPU
		{C423EF8E-B73C-49D7-88A4-598097EDD147}.Release|Any CPU.ActiveCfg = Release|Any CPU
		{C423EF8E-B73C-49D7-88A4-598097EDD147}.Release|Any CPU.Build.0 = Release|Any CPU
	EndGlobalSection
	GlobalSection(SolutionProperties) = preSolution
		HideSolutionNode = FALSE
	EndGlobalSection
	GlobalSection(ExtensibilityGlobals) = postSolution
		SolutionGuid = {A8EC55E3-688B-49FA-9F9D-B0D7C43F634A}
	EndGlobalSection
EndGlobal
